
Microsoft Visual Studio Solution File, Format Version 12.00
# Visual Studio Version 16
VisualStudioVersion = 16.0.31624.102
MinimumVisualStudioVersion = 10.0.40219.1
Project("{FAE04EC0-301F-11D3-BF4B-00C04F79EFBC}") = "AnimalServices.MVC", "AnimalServices.MVC\AnimalServices.MVC.csproj", "{BE6E78C8-CC4B-4BF8-B038-1CA651144CC4}"
EndProject
Project("{FAE04EC0-301F-11D3-BF4B-00C04F79EFBC}") = "AnimalServices.Data", "AnimalServices.Data\AnimalServices.Data.csproj", "{133B62CF-F761-4608-B025-63810264C40E}"
EndProject
Project("{FAE04EC0-301F-11D3-BF4B-00C04F79EFBC}") = "AnimalServices.Models", "AnimalServices.Models\AnimalServices.Models.csproj", "{815BCE2F-4000-4E63-B9FB-29B60F400543}"
EndProject
Project("{FAE04EC0-301F-11D3-BF4B-00C04F79EFBC}") = "AnimalServices.Services", "AnimalServices.Services\AnimalServices.Services.csproj", "{7963B580-C4F3-4E98-A202-4C5B482A4CC9}"
EndProject
Global
	GlobalSection(SolutionConfigurationPlatforms) = preSolution
		Debug|Any CPU = Debug|Any CPU
		Release|Any CPU = Release|Any CPU
	EndGlobalSection
	GlobalSection(ProjectConfigurationPlatforms) = postSolution
		{BE6E78C8-CC4B-4BF8-B038-1CA651144CC4}.Debug|Any CPU.ActiveCfg = Debug|Any CPU
		{BE6E78C8-CC4B-4BF8-B038-1CA651144CC4}.Debug|Any CPU.Build.0 = Debug|Any CPU
		{BE6E78C8-CC4B-4BF8-B038-1CA651144CC4}.Release|Any CPU.ActiveCfg = Release|Any CPU
		{BE6E78C8-CC4B-4BF8-B038-1CA651144CC4}.Release|Any CPU.Build.0 = Release|Any CPU
		{133B62CF-F761-4608-B025-63810264C40E}.Debug|Any CPU.ActiveCfg = Debug|Any CPU
		{133B62CF-F761-4608-B025-63810264C40E}.Debug|Any CPU.Build.0 = Debug|Any CPU
		{133B62CF-F761-4608-B025-63810264C40E}.Release|Any CPU.ActiveCfg = Release|Any CPU
		{133B62CF-F761-4608-B025-63810264C40E}.Release|Any CPU.Build.0 = Release|Any CPU
		{815BCE2F-4000-4E63-B9FB-29B60F400543}.Debug|Any CPU.ActiveCfg = Debug|Any CPU
		{815BCE2F-4000-4E63-B9FB-29B60F400543}.Debug|Any CPU.Build.0 = Debug|Any CPU
		{815BCE2F-4000-4E63-B9FB-29B60F400543}.Release|Any CPU.ActiveCfg = Release|Any CPU
		{815BCE2F-4000-4E63-B9FB-29B60F400543}.Release|Any CPU.Build.0 = Release|Any CPU
		{7963B580-C4F3-4E98-A202-4C5B482A4CC9}.Debug|Any CPU.ActiveCfg = Debug|Any CPU
		{7963B580-C4F3-4E98-A202-4C5B482A4CC9}.Debug|Any CPU.Build.0 = Debug|Any CPU
		{7963B580-C4F3-4E98-A202-4C5B482A4CC9}.Release|Any CPU.ActiveCfg = Release|Any CPU
		{7963B580-C4F3-4E98-A202-4C5B482A4CC9}.Release|Any CPU.Build.0 = Release|Any CPU
	EndGlobalSection
	GlobalSection(SolutionProperties) = preSolution
		HideSolutionNode = FALSE
	EndGlobalSection
	GlobalSection(ExtensibilityGlobals) = postSolution
		SolutionGuid = {74773E76-21FE-4BE3-B914-BA65BCBFD0D3}
	EndGlobalSection
EndGlobal
